
Microsoft Visual Studio Solution File, Format Version 11.00
# Visual Studio 2010
Project("{4925A630-B079-445d-BCD4-3A9C94FE9307}") = "SpriteKitSingleView", "SpriteKitSingleView.fsproj", "{A12122BA-4CA0-4884-A595-92EE660FDED1}"
EndProject
Global
	GlobalSection(SolutionConfigurationPlatforms) = preSolution
		Debug|iPhoneSimulator = Debug|iPhoneSimulator
		Release|iPhoneSimulator = Release|iPhoneSimulator
		Debug|iPhone = Debug|iPhone
		Release|iPhone = Release|iPhone
		Ad-Hoc|iPhone = Ad-Hoc|iPhone
		AppStore|iPhone = AppStore|iPhone
	EndGlobalSection
	GlobalSection(ProjectConfigurationPlatforms) = postSolution
		{A12122BA-4CA0-4884-A595-92EE660FDED1}.Ad-Hoc|iPhone.ActiveCfg = Ad-Hoc|iPhone
		{A12122BA-4CA0-4884-A595-92EE660FDED1}.Ad-Hoc|iPhone.Build.0 = Ad-Hoc|iPhone
		{A12122BA-4CA0-4884-A595-92EE660FDED1}.AppStore|iPhone.ActiveCfg = AppStore|iPhone
		{A12122BA-4CA0-4884-A595-92EE660FDED1}.AppStore|iPhone.Build.0 = AppStore|iPhone
		{A12122BA-4CA0-4884-A595-92EE660FDED1}.Debug|iPhone.ActiveCfg = Debug|iPhone
		{A12122BA-4CA0-4884-A595-92EE660FDED1}.Debug|iPhone.Build.0 = Debug|iPhone
		{A12122BA-4CA0-4884-A595-92EE660FDED1}.Debug|iPhoneSimulator.ActiveCfg = Debug|iPhoneSimulator
		{A12122BA-4CA0-4884-A595-92EE660FDED1}.Debug|iPhoneSimulator.Build.0 = Debug|iPhoneSimulator
		{A12122BA-4CA0-4884-A595-92EE660FDED1}.Release|iPhone.ActiveCfg = Release|iPhone
		{A12122BA-4CA0-4884-A595-92EE660FDED1}.Release|iPhone.Build.0 = Release|iPhone
		{A12122BA-4CA0-4884-A595-92EE660FDED1}.Release|iPhoneSimulator.ActiveCfg = Release|iPhoneSimulator
		{A12122BA-4CA0-4884-A595-92EE660FDED1}.Release|iPhoneSimulator.Build.0 = Release|iPhoneSimulator
	EndGlobalSection
	GlobalSection(MonoDevelopProperties) = preSolution
		StartupItem = SpriteKitSingleView.fsproj
	EndGlobalSection
EndGlobal
